// !$*UTF8*$!
{
	archiveVersion = 1;
	classes = {
	};
	objectVersion = 48;
	objects = {

/* Begin PBXBuildFile section */
		86EE0F5E2044758C0074A562 /* AppDelegate.swift in Sources */ = {isa = PBXBuildFile; fileRef = 86EE0F5D2044758C0074A562 /* AppDelegate.swift */; };
		86EE0F602044758C0074A562 /* ViewController.swift in Sources */ = {isa = PBXBuildFile; fileRef = 86EE0F5F2044758C0074A562 /* ViewController.swift */; };
		86EE0F632044758C0074A562 /* Main.storyboard in Resources */ = {isa = PBXBuildFile; fileRef = 86EE0F612044758C0074A562 /* Main.storyboard */; };
		86EE0F652044758C0074A562 /* Assets.xcassets in Resources */ = {isa = PBXBuildFile; fileRef = 86EE0F642044758C0074A562 /* Assets.xcassets */; };
		86EE0F682044758C0074A562 /* LaunchScreen.storyboard in Resources */ = {isa = PBXBuildFile; fileRef = 86EE0F662044758C0074A562 /* LaunchScreen.storyboard */; };
		86EE0F732044758C0074A562 /* AssetFolioTests.swift in Sources */ = {isa = PBXBuildFile; fileRef = 86EE0F722044758C0074A562 /* AssetFolioTests.swift */; };
		86EE0F7E2044758C0074A562 /* AssetFolioUITests.swift in Sources */ = {isa = PBXBuildFile; fileRef = 86EE0F7D2044758C0074A562 /* AssetFolioUITests.swift */; };
/* End PBXBuildFile section */

/* Begin PBXContainerItemProxy section */
		86EE0F6F2044758C0074A562 /* PBXContainerItemProxy */ = {
			isa = PBXContainerItemProxy;
			containerPortal = 86EE0F522044758C0074A562 /* Project object */;
			proxyType = 1;
			remoteGlobalIDString = 86EE0F592044758C0074A562;
			remoteInfo = AssetFolio;
		};
		86EE0F7A2044758C0074A562 /* PBXContainerItemProxy */ = {
			isa = PBXContainerItemProxy;
			containerPortal = 86EE0F522044758C0074A562 /* Project object */;
			proxyType = 1;
			remoteGlobalIDString = 86EE0F592044758C0074A562;
			remoteInfo = AssetFolio;
		};
/* End PBXContainerItemProxy section */

/* Begin PBXFileReference section */
		86EE0F5A2044758C0074A562 /* AssetFolio.app */ = {isa = PBXFileReference; explicitFileType = wrapper.application; includeInIndex = 0; path = AssetFolio.app; sourceTree = BUILT_PRODUCTS_DIR; };
		86EE0F5D2044758C0074A562 /* AppDelegate.swift */ = {isa = PBXFileReference; lastKnownFileType = sourcecode.swift; path = AppDelegate.swift; sourceTree = "<group>"; };
		86EE0F5F2044758C0074A562 /* ViewController.swift */ = {isa = PBXFileReference; lastKnownFileType = sourcecode.swift; path = ViewController.swift; sourceTree = "<group>"; };
		86EE0F622044758C0074A562 /* Base */ = {isa = PBXFileReference; lastKnownFileType = file.storyboard; name = Base; path = Base.lproj/Main.storyboard; sourceTree = "<group>"; };
		86EE0F642044758C0074A562 /* Assets.xcassets */ = {isa = PBXFileReference; lastKnownFileType = folder.assetcatalog; path = Assets.xcassets; sourceTree = "<group>"; };
		86EE0F672044758C0074A562 /* Base */ = {isa = PBXFileReference; lastKnownFileType = file.storyboard; name = Base; path = Base.lproj/LaunchScreen.storyboard; sourceTree = "<group>"; };
		86EE0F692044758C0074A562 /* Info.plist */ = {isa = PBXFileReference; lastKnownFileType = text.plist.xml; path = Info.plist; sourceTree = "<group>"; };
		86EE0F6E2044758C0074A562 /* AssetFolioTests.xctest */ = {isa = PBXFileReference; explicitFileType = wrapper.cfbundle; includeInIndex = 0; path = AssetFolioTests.xctest; sourceTree = BUILT_PRODUCTS_DIR; };
		86EE0F722044758C0074A562 /* AssetFolioTests.swift */ = {isa = PBXFileReference; lastKnownFileType = sourcecode.swift; path = AssetFolioTests.swift; sourceTree = "<group>"; };
		86EE0F742044758C0074A562 /* Info.plist */ = {isa = PBXFileReference; lastKnownFileType = text.plist.xml; path = Info.plist; sourceTree = "<group>"; };
		86EE0F792044758C0074A562 /* AssetFolioUITests.xctest */ = {isa = PBXFileReference; explicitFileType = wrapper.cfbundle; includeInIndex = 0; path = AssetFolioUITests.xctest; sourceTree = BUILT_PRODUCTS_DIR; };
		86EE0F7D2044758C0074A562 /* AssetFolioUITests.swift */ = {isa = PBXFileReference; lastKnownFileType = sourcecode.swift; path = AssetFolioUITests.swift; sourceTree = "<group>"; };
		86EE0F7F2044758C0074A562 /* Info.plist */ = {isa = PBXFileReference; lastKnownFileType = text.plist.xml; path = Info.plist; sourceTree = "<group>"; };
/* End PBXFileReference section */

/* Begin PBXFrameworksBuildPhase section */
		86EE0F572044758C0074A562 /* Frameworks */ = {
			isa = PBXFrameworksBuildPhase;
			buildActionMask = 2147483647;
			files = (
			);
			runOnlyForDeploymentPostprocessing = 0;
		};
		86EE0F6B2044758C0074A562 /* Frameworks */ = {
			isa = PBXFrameworksBuildPhase;
			buildActionMask = 2147483647;
			files = (
			);
			runOnlyForDeploymentPostprocessing = 0;
		};
		86EE0F762044758C0074A562 /* Frameworks */ = {
			isa = PBXFrameworksBuildPhase;
			buildActionMask = 2147483647;
			files = (
			);
			runOnlyForDeploymentPostprocessing = 0;
		};
/* End PBXFrameworksBuildPhase section */

/* Begin PBXGroup section */
		86EE0F512044758C0074A562 = {
			isa = PBXGroup;
			children = (
				86EE0F5C2044758C0074A562 /* AssetFolio */,
				86EE0F712044758C0074A562 /* AssetFolioTests */,
				86EE0F7C2044758C0074A562 /* AssetFolioUITests */,
				86EE0F5B2044758C0074A562 /* Products */,
			);
			sourceTree = "<group>";
		};
		86EE0F5B2044758C0074A562 /* Products */ = {
			isa = PBXGroup;
			children = (
				86EE0F5A2044758C0074A562 /* AssetFolio.app */,
				86EE0F6E2044758C0074A562 /* AssetFolioTests.xctest */,
				86EE0F792044758C0074A562 /* AssetFolioUITests.xctest */,
			);
			name = Products;
			sourceTree = "<group>";
		};
		86EE0F5C2044758C0074A562 /* AssetFolio */ = {
			isa = PBXGroup;
			children = (
				86EE0F5D2044758C0074A562 /* AppDelegate.swift */,
				86EE0F5F2044758C0074A562 /* ViewController.swift */,
				86EE0F612044758C0074A562 /* Main.storyboard */,
				86EE0F642044758C0074A562 /* Assets.xcassets */,
				86EE0F662044758C0074A562 /* LaunchScreen.storyboard */,
				86EE0F692044758C0074A562 /* Info.plist */,
			);
			path = AssetFolio;
			sourceTree = "<group>";
		};
		86EE0F712044758C0074A562 /* AssetFolioTests */ = {
			isa = PBXGroup;
			children = (
				86EE0F722044758C0074A562 /* AssetFolioTests.swift */,
				86EE0F742044758C0074A562 /* Info.plist */,
			);
			path = AssetFolioTests;
			sourceTree = "<group>";
		};
		86EE0F7C2044758C0074A562 /* AssetFolioUITests */ = {
			isa = PBXGroup;
			children = (
				86EE0F7D2044758C0074A562 /* AssetFolioUITests.swift */,
				86EE0F7F2044758C0074A562 /* Info.plist */,
			);
			path = AssetFolioUITests;
			sourceTree = "<group>";
		};
/* End PBXGroup section */

/* Begin PBXNativeTarget section */
		86EE0F592044758C0074A562 /* AssetFolio */ = {
			isa = PBXNativeTarget;
			buildConfigurationList = 86EE0F822044758C0074A562 /* Build configuration list for PBXNativeTarget "AssetFolio" */;
			buildPhases = (
				86EE0F562044758C0074A562 /* Sources */,
				86EE0F572044758C0074A562 /* Frameworks */,
				86EE0F582044758C0074A562 /* Resources */,
			);
			buildRules = (
			);
			dependencies = (
			);
			name = AssetFolio;
			productName = AssetFolio;
			productReference = 86EE0F5A2044758C0074A562 /* AssetFolio.app */;
			productType = "com.apple.product-type.application";
		};
		86EE0F6D2044758C0074A562 /* AssetFolioTests */ = {
			isa = PBXNativeTarget;
			buildConfigurationList = 86EE0F852044758C0074A562 /* Build configuration list for PBXNativeTarget "AssetFolioTests" */;
			buildPhases = (
				86EE0F6A2044758C0074A562 /* Sources */,
				86EE0F6B2044758C0074A562 /* Frameworks */,
				86EE0F6C2044758C0074A562 /* Resources */,
			);
			buildRules = (
			);
			dependencies = (
				86EE0F702044758C0074A562 /* PBXTargetDependency */,
			);
			name = AssetFolioTests;
			productName = AssetFolioTests;
			productReference = 86EE0F6E2044758C0074A562 /* AssetFolioTests.xctest */;
			productType = "com.apple.product-type.bundle.unit-test";
		};
		86EE0F782044758C0074A562 /* AssetFolioUITests */ = {
			isa = PBXNativeTarget;
			buildConfigurationList = 86EE0F882044758C0074A562 /* Build configuration list for PBXNativeTarget "AssetFolioUITests" */;
			buildPhases = (
				86EE0F752044758C0074A562 /* Sources */,
				86EE0F762044758C0074A562 /* Frameworks */,
				86EE0F772044758C0074A562 /* Resources */,
			);
			buildRules = (
			);
			dependencies = (
				86EE0F7B2044758C0074A562 /* PBXTargetDependency */,
			);
			name = AssetFolioUITests;
			productName = AssetFolioUITests;
			productReference = 86EE0F792044758C0074A562 /* AssetFolioUITests.xctest */;
			productType = "com.apple.product-type.bundle.ui-testing";
		};
/* End PBXNativeTarget section */

/* Begin PBXProject section */
		86EE0F522044758C0074A562 /* Project object */ = {
			isa = PBXProject;
			attributes = {
				LastSwiftUpdateCheck = 0920;
				LastUpgradeCheck = 0920;
				ORGANIZATIONNAME = akihiyo76;
				TargetAttributes = {
					86EE0F592044758C0074A562 = {
						CreatedOnToolsVersion = 9.2;
						ProvisioningStyle = Automatic;
					};
					86EE0F6D2044758C0074A562 = {
						CreatedOnToolsVersion = 9.2;
						ProvisioningStyle = Automatic;
						TestTargetID = 86EE0F592044758C0074A562;
					};
					86EE0F782044758C0074A562 = {
						CreatedOnToolsVersion = 9.2;
						ProvisioningStyle = Automatic;
						TestTargetID = 86EE0F592044758C0074A562;
					};
				};
			};
			buildConfigurationList = 86EE0F552044758C0074A562 /* Build configuration list for PBXProject "AssetFolio" */;
			compatibilityVersion = "Xcode 8.0";
			developmentRegion = en;
			hasScannedForEncodings = 0;
			knownRegions = (
				en,
				Base,
			);
			mainGroup = 86EE0F512044758C0074A562;
			productRefGroup = 86EE0F5B2044758C0074A562 /* Products */;
			projectDirPath = "";
			projectRoot = "";
			targets = (
				86EE0F592044758C0074A562 /* AssetFolio */,
				86EE0F6D2044758C0074A562 /* AssetFolioTests */,
				86EE0F782044758C0074A562 /* AssetFolioUITests */,
			);
		};
/* End PBXProject section */

/* Begin PBXResourcesBuildPhase section */
		86EE0F582044758C0074A562 /* Resources */ = {
			isa = PBXResourcesBuildPhase;
			buildActionMask = 2147483647;
			files = (
				86EE0F682044758C0074A562 /* LaunchScreen.storyboard in Resources */,
				86EE0F652044758C0074A562 /* Assets.xcassets in Resources */,
				86EE0F632044758C0074A562 /* Main.storyboard in Resources */,
			);
			runOnlyForDeploymentPostprocessing = 0;
		};
		86EE0F6C2044758C0074A562 /* Resources */ = {
			isa = PBXResourcesBuildPhase;
			buildActionMask = 2147483647;
			files = (
			);
			runOnlyForDeploymentPostprocessing = 0;
		};
		86EE0F772044758C0074A562 /* Resources */ = {
			isa = PBXResourcesBuildPhase;
			buildActionMask = 2147483647;
			files = (
			);
			runOnlyForDeploymentPostprocessing = 0;
		};
/* End PBXResourcesBuildPhase section */

/* Begin PBXSourcesBuildPhase section */
		86EE0F562044758C0074A562 /* Sources */ = {
			isa = PBXSourcesBuildPhase;
			buildActionMask = 2147483647;
			files = (
				86EE0F602044758C0074A562 /* ViewController.swift in Sources */,
				86EE0F5E2044758C0074A562 /* AppDelegate.swift in Sources */,
			);
			runOnlyForDeploymentPostprocessing = 0;
		};
		86EE0F6A2044758C0074A562 /* Sources */ = {
			isa = PBXSourcesBuildPhase;
			buildActionMask = 2147483647;
			files = (
				86EE0F732044758C0074A562 /* AssetFolioTests.swift in Sources */,
			);
			runOnlyForDeploymentPostprocessing = 0;
		};
		86EE0F752044758C0074A562 /* Sources */ = {
			isa = PBXSourcesBuildPhase;
			buildActionMask = 2147483647;
			files = (
				86EE0F7E2044758C0074A562 /* AssetFolioUITests.swift in Sources */,
			);
			runOnlyForDeploymentPostprocessing = 0;
		};
/* End PBXSourcesBuildPhase section */

/* Begin PBXTargetDependency section */
		86EE0F702044758C0074A562 /* PBXTargetDependency */ = {
			isa = PBXTargetDependency;
			target = 86EE0F592044758C0074A562 /* AssetFolio */;
			targetProxy = 86EE0F6F2044758C0074A562 /* PBXContainerItemProxy */;
		};
		86EE0F7B2044758C0074A562 /* PBXTargetDependency */ = {
			isa = PBXTargetDependency;
			target = 86EE0F592044758C0074A562 /* AssetFolio */;
			targetProxy = 86EE0F7A2044758C0074A562 /* PBXContainerItemProxy */;
		};
/* End PBXTargetDependency section */

/* Begin PBXVariantGroup section */
		86EE0F612044758C0074A562 /* Main.storyboard */ = {
			isa = PBXVariantGroup;
			children = (
				86EE0F622044758C0074A562 /* Base */,
			);
			name = Main.storyboard;
			sourceTree = "<group>";
		};
		86EE0F662044758C0074A562 /* LaunchScreen.storyboard */ = {
			isa = PBXVariantGroup;
			children = (
				86EE0F672044758C0074A562 /* Base */,
			);
			name = LaunchScreen.storyboard;
			sourceTree = "<group>";
		};
/* End PBXVariantGroup section */

/* Begin XCBuildConfiguration section */
		86EE0F802044758C0074A562 /* Debug */ = {
			isa = XCBuildConfiguration;
			buildSettings = {
				ALWAYS_SEARCH_USER_PATHS = NO;
				CLANG_ANALYZER_NONNULL = YES;
				CLANG_ANALYZER_NUMBER_OBJECT_CONVERSION = YES_AGGRESSIVE;
				CLANG_CXX_LANGUAGE_STANDARD = "gnu++14";
				CLANG_CXX_LIBRARY = "libc++";
				CLANG_ENABLE_MODULES = YES;
				CLANG_ENABLE_OBJC_ARC = YES;
				CLANG_WARN_BLOCK_CAPTURE_AUTORELEASING = YES;
				CLANG_WARN_BOOL_CONVERSION = YES;
				CLANG_WARN_COMMA = YES;
				CLANG_WARN_CONSTANT_CONVERSION = YES;
				CLANG_WARN_DIRECT_OBJC_ISA_USAGE = YES_ERROR;
				CLANG_WARN_DOCUMENTATION_COMMENTS = YES;
				CLANG_WARN_EMPTY_BODY = YES;
				CLANG_WARN_ENUM_CONVERSION = YES;
				CLANG_WARN_INFINITE_RECURSION = YES;
				CLANG_WARN_INT_CONVERSION = YES;
				CLANG_WARN_NON_LITERAL_NULL_CONVERSION = YES;
				CLANG_WARN_OBJC_LITERAL_CONVERSION = YES;
				CLANG_WARN_OBJC_ROOT_CLASS = YES_ERROR;
				CLANG_WARN_RANGE_LOOP_ANALYSIS = YES;
				CLANG_WARN_STRICT_PROTOTYPES = YES;
				CLANG_WARN_SUSPICIOUS_MOVE = YES;
				CLANG_WARN_UNGUARDED_AVAILABILITY = YES_AGGRESSIVE;
				CLANG_WARN_UNREACHABLE_CODE = YES;
				CLANG_WARN__DUPLICATE_METHOD_MATCH = YES;
				CODE_SIGN_IDENTITY = "iPhone Developer";
				COPY_PHASE_STRIP = NO;
				DEBUG_INFORMATION_FORMAT = dwarf;
				ENABLE_STRICT_OBJC_MSGSEND = YES;
				ENABLE_TESTABILITY = YES;
				GCC_C_LANGUAGE_STANDARD = gnu11;
				GCC_DYNAMIC_NO_PIC = NO;
				GCC_NO_COMMON_BLOCKS = YES;
				GCC_OPTIMIZATION_LEVEL = 0;
				GCC_PREPROCESSOR_DEFINITIONS = (
					"DEBUG=1",
					"$(inherited)",
				);
				GCC_WARN_64_TO_32_BIT_CONVERSION = YES;
				GCC_WARN_ABOUT_RETURN_TYPE = YES_ERROR;
				GCC_WARN_UNDECLARED_SELECTOR = YES;
				GCC_WARN_UNINITIALIZED_AUTOS = YES_AGGRESSIVE;
				GCC_WARN_UNUSED_FUNCTION = YES;
				GCC_WARN_UNUSED_VARIABLE = YES;
				IPHONEOS_DEPLOYMENT_TARGET = 11.2;
				MTL_ENABLE_DEBUG_INFO = YES;
				ONLY_ACTIVE_ARCH = YES;
				SDKROOT = iphoneos;
				SWIFT_ACTIVE_COMPILATION_CONDITIONS = DEBUG;
				SWIFT_OPTIMIZATION_LEVEL = "-Onone";
			};
			name = Debug;
		};
		86EE0F812044758C0074A562 /* Release */ = {
			isa = XCBuildConfiguration;
			buildSettings = {
				ALWAYS_SEARCH_USER_PATHS = NO;
				CLANG_ANALYZER_NONNULL = YES;
				CLANG_ANALYZER_NUMBER_OBJECT_CONVERSION = YES_AGGRESSIVE;
				CLANG_CXX_LANGUAGE_STANDARD = "gnu++14";
				CLANG_CXX_LIBRARY = "libc++";
				CLANG_ENABLE_MODULES = YES;
				CLANG_ENABLE_OBJC_ARC = YES;
				CLANG_WARN_BLOCK_CAPTURE_AUTORELEASING = YES;
				CLANG_WARN_BOOL_CONVERSION = YES;
				CLANG_WARN_COMMA = YES;
				CLANG_WARN_CONSTANT_CONVERSION = YES;
				CLANG_WARN_DIRECT_OBJC_ISA_USAGE = YES_ERROR;
				CLANG_WARN_DOCUMENTATION_COMMENTS = YES;
				CLANG_WARN_EMPTY_BODY = YES;
				CLANG_WARN_ENUM_CONVERSION = YES;
				CLANG_WARN_INFINITE_RECURSION = YES;
				CLANG_WARN_INT_CONVERSION = YES;
				CLANG_WARN_NON_LITERAL_NULL_CONVERSION = YES;
				CLANG_WARN_OBJC_LITERAL_CONVERSION = YES;
				CLANG_WARN_OBJC_ROOT_CLASS = YES_ERROR;
				CLANG_WARN_RANGE_LOOP_ANALYSIS = YES;
				CLANG_WARN_STRICT_PROTOTYPES = YES;
				CLANG_WARN_SUSPICIOUS_MOVE = YES;
				CLANG_WARN_UNGUARDED_AVAILABILITY = YES_AGGRESSIVE;
				CLANG_WARN_UNREACHABLE_CODE = YES;
				CLANG_WARN__DUPLICATE_METHOD_MATCH = YES;
				CODE_SIGN_IDENTITY = "iPhone Developer";
				COPY_PHASE_STRIP = NO;
				DEBUG_INFORMATION_FORMAT = "dwarf-with-dsym";
				ENABLE_NS_ASSERTIONS = NO;
				ENABLE_STRICT_OBJC_MSGSEND = YES;
				GCC_C_LANGUAGE_STANDARD = gnu11;
				GCC_NO_COMMON_BLOCKS = YES;
				GCC_WARN_64_TO_32_BIT_CONVERSION = YES;
				GCC_WARN_ABOUT_RETURN_TYPE = YES_ERROR;
				GCC_WARN_UNDECLARED_SELECTOR = YES;
				GCC_WARN_UNINITIALIZED_AUTOS = YES_AGGRESSIVE;
				GCC_WARN_UNUSED_FUNCTION = YES;
				GCC_WARN_UNUSED_VARIABLE = YES;
				IPHONEOS_DEPLOYMENT_TARGET = 11.2;
				MTL_ENABLE_DEBUG_INFO = NO;
				SDKROOT = iphoneos;
				SWIFT_OPTIMIZATION_LEVEL = "-Owholemodule";
				VALIDATE_PRODUCT = YES;
			};
			name = Release;
		};
		86EE0F832044758C0074A562 /* Debug */ = {
			isa = XCBuildConfiguration;
			buildSettings = {
				ASSETCATALOG_COMPILER_APPICON_NAME = AppIcon;
				CODE_SIGN_STYLE = Automatic;
				INFOPLIST_FILE = AssetFolio/Info.plist;
				LD_RUNPATH_SEARCH_PATHS = "$(inherited) @executable_path/Frameworks";
				PRODUCT_BUNDLE_IDENTIFIER = com.ro.AssetFolio;
				PRODUCT_NAME = "$(TARGET_NAME)";
				SWIFT_VERSION = 4.0;
				TARGETED_DEVICE_FAMILY = "1,2";
			};
			name = Debug;
		};
		86EE0F842044758C0074A562 /* Release */ = {
			isa = XCBuildConfiguration;
			buildSettings = {
				ASSETCATALOG_COMPILER_APPICON_NAME = AppIcon;
				CODE_SIGN_STYLE = Automatic;
				INFOPLIST_FILE = AssetFolio/Info.plist;
				LD_RUNPATH_SEARCH_PATHS = "$(inherited) @executable_path/Frameworks";
				PRODUCT_BUNDLE_IDENTIFIER = com.ro.AssetFolio;
				PRODUCT_NAME = "$(TARGET_NAME)";
				SWIFT_VERSION = 4.0;
				TARGETED_DEVICE_FAMILY = "1,2";
			};
			name = Release;
		};
		86EE0F862044758C0074A562 /* Debug */ = {
			isa = XCBuildConfiguration;
			buildSettings = {
				ALWAYS_EMBED_SWIFT_STANDARD_LIBRARIES = YES;
				BUNDLE_LOADER = "$(TEST_HOST)";
				CODE_SIGN_STYLE = Automatic;
				INFOPLIST_FILE = AssetFolioTests/Info.plist;
				LD_RUNPATH_SEARCH_PATHS = "$(inherited) @executable_path/Frameworks @loader_path/Frameworks";
				PRODUCT_BUNDLE_IDENTIFIER = com.ro.AssetFolioTests;
				PRODUCT_NAME = "$(TARGET_NAME)";
				SWIFT_VERSION = 4.0;
				TARGETED_DEVICE_FAMILY = "1,2";
				TEST_HOST = "$(BUILT_PRODUCTS_DIR)/AssetFolio.app/AssetFolio";
			};
			name = Debug;
		};
		86EE0F872044758C0074A562 /* Release */ = {
			isa = XCBuildConfiguration;
			buildSettings = {
				ALWAYS_EMBED_SWIFT_STANDARD_LIBRARIES = YES;
				BUNDLE_LOADER = "$(TEST_HOST)";
				CODE_SIGN_STYLE = Automatic;
				INFOPLIST_FILE = AssetFolioTests/Info.plist;
				LD_RUNPATH_SEARCH_PATHS = "$(inherited) @executable_path/Frameworks @loader_path/Frameworks";
				PRODUCT_BUNDLE_IDENTIFIER = com.ro.AssetFolioTests;
				PRODUCT_NAME = "$(TARGET_NAME)";
				SWIFT_VERSION = 4.0;
				TARGETED_DEVICE_FAMILY = "1,2";
				TEST_HOST = "$(BUILT_PRODUCTS_DIR)/AssetFolio.app/AssetFolio";
			};
			name = Release;
		};
		86EE0F892044758C0074A562 /* Debug */ = {
			isa = XCBuildConfiguration;
			buildSettings = {
				ALWAYS_EMBED_SWIFT_STANDARD_LIBRARIES = YES;
				CODE_SIGN_STYLE = Automatic;
				INFOPLIST_FILE = AssetFolioUITests/Info.plist;
				LD_RUNPATH_SEARCH_PATHS = "$(inherited) @executable_path/Frameworks @loader_path/Frameworks";
				PRODUCT_BUNDLE_IDENTIFIER = com.ro.AssetFolioUITests;
				PRODUCT_NAME = "$(TARGET_NAME)";
				SWIFT_VERSION = 4.0;
				TARGETED_DEVICE_FAMILY = "1,2";
				TEST_TARGET_NAME = AssetFolio;
			};
			name = Debug;
		};
		86EE0F8A2044758C0074A562 /* Release */ = {
			isa = XCBuildConfiguration;
			buildSettings = {
				ALWAYS_EMBED_SWIFT_STANDARD_LIBRARIES = YES;
				CODE_SIGN_STYLE = Automatic;
				INFOPLIST_FILE = AssetFolioUITests/Info.plist;
				LD_RUNPATH_SEARCH_PATHS = "$(inherited) @executable_path/Frameworks @loader_path/Frameworks";
				PRODUCT_BUNDLE_IDENTIFIER = com.ro.AssetFolioUITests;
				PRODUCT_NAME = "$(TARGET_NAME)";
				SWIFT_VERSION = 4.0;
				TARGETED_DEVICE_FAMILY = "1,2";
				TEST_TARGET_NAME = AssetFolio;
			};
			name = Release;
		};
/* End XCBuildConfiguration section */

/* Begin XCConfigurationList section */
		86EE0F552044758C0074A562 /* Build configuration list for PBXProject "AssetFolio" */ = {
			isa = XCConfigurationList;
			buildConfigurations = (
				86EE0F802044758C0074A562 /* Debug */,
				86EE0F812044758C0074A562 /* Release */,
			);
			defaultConfigurationIsVisible = 0;
			defaultConfigurationName = Release;
		};
		86EE0F822044758C0074A562 /* Build configuration list for PBXNativeTarget "AssetFolio" */ = {
			isa = XCConfigurationList;
			buildConfigurations = (
				86EE0F832044758C0074A562 /* Debug */,
				86EE0F842044758C0074A562 /* Release */,
			);
			defaultConfigurationIsVisible = 0;
			defaultConfigurationName = Release;
		};
		86EE0F852044758C0074A562 /* Build configuration list for PBXNativeTarget "AssetFolioTests" */ = {
			isa = XCConfigurationList;
			buildConfigurations = (
				86EE0F862044758C0074A562 /* Debug */,
				86EE0F872044758C0074A562 /* Release */,
			);
			defaultConfigurationIsVisible = 0;
			defaultConfigurationName = Release;
		};
		86EE0F882044758C0074A562 /* Build configuration list for PBXNativeTarget "AssetFolioUITests" */ = {
			isa = XCConfigurationList;
			buildConfigurations = (
				86EE0F892044758C0074A562 /* Debug */,
				86EE0F8A2044758C0074A562 /* Release */,
			);
			defaultConfigurationIsVisible = 0;
			defaultConfigurationName = Release;
		};
/* End XCConfigurationList section */
	};
	rootObject = 86EE0F522044758C0074A562 /* Project object */;
}
